
Microsoft Visual Studio Solution File, Format Version 12.00
# Visual Studio Version 16
VisualStudioVersion = 16.0.30128.74
MinimumVisualStudioVersion = 10.0.40219.1
Project("{FAE04EC0-301F-11D3-BF4B-00C04F79EFBC}") = "HtmlParser", "HtmlParser\HtmlParser.csproj", "{FC5FBF58-99FF-4556-903B-682E08BF1C9B}"
EndProject
Project("{FAE04EC0-301F-11D3-BF4B-00C04F79EFBC}") = "HtmlParseManager", "HtmlParseManager\HtmlParseManager.csproj", "{5C69E714-FC6D-433A-8A8A-30E3B53AF382}"
EndProject
Global
	GlobalSection(SolutionConfigurationPlatforms) = preSolution
		Debug|Any CPU = Debug|Any CPU
		Release|Any CPU = Release|Any CPU
	EndGlobalSection
	GlobalSection(ProjectConfigurationPlatforms) = postSolution
		{FC5FBF58-99FF-4556-903B-682E08BF1C9B}.Debug|Any CPU.ActiveCfg = Debug|Any CPU
		{FC5FBF58-99FF-4556-903B-682E08BF1C9B}.Debug|Any CPU.Build.0 = Debug|Any CPU
		{FC5FBF58-99FF-4556-903B-682E08BF1C9B}.Release|Any CPU.ActiveCfg = Release|Any CPU
		{FC5FBF58-99FF-4556-903B-682E08BF1C9B}.Release|Any CPU.Build.0 = Release|Any CPU
		{5C69E714-FC6D-433A-8A8A-30E3B53AF382}.Debug|Any CPU.ActiveCfg = Debug|Any CPU
		{5C69E714-FC6D-433A-8A8A-30E3B53AF382}.Debug|Any CPU.Build.0 = Debug|Any CPU
		{5C69E714-FC6D-433A-8A8A-30E3B53AF382}.Release|Any CPU.ActiveCfg = Release|Any CPU
		{5C69E714-FC6D-433A-8A8A-30E3B53AF382}.Release|Any CPU.Build.0 = Release|Any CPU
	EndGlobalSection
	GlobalSection(SolutionProperties) = preSolution
		HideSolutionNode = FALSE
	EndGlobalSection
	GlobalSection(ExtensibilityGlobals) = postSolution
		SolutionGuid = {2484DCFB-6486-4EC6-8EEF-828D8B1BC020}
	EndGlobalSection
EndGlobal
